// !$*UTF8*$!
{
	archiveVersion = 1;
	classes = {
	};
	objectVersion = 46;
	objects = {

/* Begin PBXBuildFile section */
		F22E7D1C1C7AA80B00FB5A14 /* AppDelegate.swift in Sources */ = {isa = PBXBuildFile; fileRef = F22E7D1B1C7AA80B00FB5A14 /* AppDelegate.swift */; };
		F22E7D1E1C7AA80B00FB5A14 /* ViewController.swift in Sources */ = {isa = PBXBuildFile; fileRef = F22E7D1D1C7AA80B00FB5A14 /* ViewController.swift */; };
		F22E7D211C7AA80B00FB5A14 /* Main.storyboard in Resources */ = {isa = PBXBuildFile; fileRef = F22E7D1F1C7AA80B00FB5A14 /* Main.storyboard */; };
		F22E7D231C7AA80B00FB5A14 /* Assets.xcassets in Resources */ = {isa = PBXBuildFile; fileRef = F22E7D221C7AA80B00FB5A14 /* Assets.xcassets */; };
		F22E7D261C7AA80B00FB5A14 /* LaunchScreen.storyboard in Resources */ = {isa = PBXBuildFile; fileRef = F22E7D241C7AA80B00FB5A14 /* LaunchScreen.storyboard */; };
/* End PBXBuildFile section */

/* Begin PBXFileReference section */
		F22E7D181C7AA80B00FB5A14 /* SecondKadaiApp.app */ = {isa = PBXFileReference; explicitFileType = wrapper.application; includeInIndex = 0; path = SecondKadaiApp.app; sourceTree = BUILT_PRODUCTS_DIR; };
		F22E7D1B1C7AA80B00FB5A14 /* AppDelegate.swift */ = {isa = PBXFileReference; lastKnownFileType = sourcecode.swift; path = AppDelegate.swift; sourceTree = "<group>"; };
		F22E7D1D1C7AA80B00FB5A14 /* ViewController.swift */ = {isa = PBXFileReference; lastKnownFileType = sourcecode.swift; path = ViewController.swift; sourceTree = "<group>"; };
		F22E7D201C7AA80B00FB5A14 /* Base */ = {isa = PBXFileReference; lastKnownFileType = file.storyboard; name = Base; path = Base.lproj/Main.storyboard; sourceTree = "<group>"; };
		F22E7D221C7AA80B00FB5A14 /* Assets.xcassets */ = {isa = PBXFileReference; lastKnownFileType = folder.assetcatalog; path = Assets.xcassets; sourceTree = "<group>"; };
		F22E7D251C7AA80B00FB5A14 /* Base */ = {isa = PBXFileReference; lastKnownFileType = file.storyboard; name = Base; path = Base.lproj/LaunchScreen.storyboard; sourceTree = "<group>"; };
		F22E7D271C7AA80B00FB5A14 /* Info.plist */ = {isa = PBXFileReference; lastKnownFileType = text.plist.xml; path = Info.plist; sourceTree = "<group>"; };
/* End PBXFileReference section */

/* Begin PBXFrameworksBuildPhase section */
		F22E7D151C7AA80B00FB5A14 /* Frameworks */ = {
			isa = PBXFrameworksBuildPhase;
			buildActionMask = 2147483647;
			files = (
			);
			runOnlyForDeploymentPostprocessing = 0;
		};
/* End PBXFrameworksBuildPhase section */

/* Begin PBXGroup section */
		F22E7D0F1C7AA80B00FB5A14 = {
			isa = PBXGroup;
			children = (
				F22E7D1A1C7AA80B00FB5A14 /* SecondKadaiApp */,
				F22E7D191C7AA80B00FB5A14 /* Products */,
			);
			sourceTree = "<group>";
		};
		F22E7D191C7AA80B00FB5A14 /* Products */ = {
			isa = PBXGroup;
			children = (
				F22E7D181C7AA80B00FB5A14 /* SecondKadaiApp.app */,
			);
			name = Products;
			sourceTree = "<group>";
		};
		F22E7D1A1C7AA80B00FB5A14 /* SecondKadaiApp */ = {
			isa = PBXGroup;
			children = (
				F22E7D1B1C7AA80B00FB5A14 /* AppDelegate.swift */,
				F22E7D1D1C7AA80B00FB5A14 /* ViewController.swift */,
				F22E7D1F1C7AA80B00FB5A14 /* Main.storyboard */,
				F22E7D221C7AA80B00FB5A14 /* Assets.xcassets */,
				F22E7D241C7AA80B00FB5A14 /* LaunchScreen.storyboard */,
				F22E7D271C7AA80B00FB5A14 /* Info.plist */,
			);
			path = SecondKadaiApp;
			sourceTree = "<group>";
		};
/* End PBXGroup section */

/* Begin PBXNativeTarget section */
		F22E7D171C7AA80B00FB5A14 /* SecondKadaiApp */ = {
			isa = PBXNativeTarget;
			buildConfigurationList = F22E7D2A1C7AA80B00FB5A14 /* Build configuration list for PBXNativeTarget "SecondKadaiApp" */;
			buildPhases = (
				F22E7D141C7AA80B00FB5A14 /* Sources */,
				F22E7D151C7AA80B00FB5A14 /* Frameworks */,
				F22E7D161C7AA80B00FB5A14 /* Resources */,
			);
			buildRules = (
			);
			dependencies = (
			);
			name = SecondKadaiApp;
			productName = SecondKadaiApp;
			productReference = F22E7D181C7AA80B00FB5A14 /* SecondKadaiApp.app */;
			productType = "com.apple.product-type.application";
		};
/* End PBXNativeTarget section */

/* Begin PBXProject section */
		F22E7D101C7AA80B00FB5A14 /* Project object */ = {
			isa = PBXProject;
			attributes = {
				LastSwiftUpdateCheck = 0720;
				LastUpgradeCheck = 0720;
				ORGANIZATIONNAME = kenko.hosaka;
				TargetAttributes = {
					F22E7D171C7AA80B00FB5A14 = {
						CreatedOnToolsVersion = 7.2.1;
						DevelopmentTeam = 84PCGEKNQW;
					};
				};
			};
			buildConfigurationList = F22E7D131C7AA80B00FB5A14 /* Build configuration list for PBXProject "SecondKadaiApp" */;
			compatibilityVersion = "Xcode 3.2";
			developmentRegion = English;
			hasScannedForEncodings = 0;
			knownRegions = (
				en,
				Base,
			);
			mainGroup = F22E7D0F1C7AA80B00FB5A14;
			productRefGroup = F22E7D191C7AA80B00FB5A14 /* Products */;
			projectDirPath = "";
			projectRoot = "";
			targets = (
				F22E7D171C7AA80B00FB5A14 /* SecondKadaiApp */,
			);
		};
/* End PBXProject section */

/* Begin PBXResourcesBuildPhase section */
		F22E7D161C7AA80B00FB5A14 /* Resources */ = {
			isa = PBXResourcesBuildPhase;
			buildActionMask = 2147483647;
			files = (
				F22E7D261C7AA80B00FB5A14 /* LaunchScreen.storyboard in Resources */,
				F22E7D231C7AA80B00FB5A14 /* Assets.xcassets in Resources */,
				F22E7D211C7AA80B00FB5A14 /* Main.storyboard in Resources */,
			);
			runOnlyForDeploymentPostprocessing = 0;
		};
/* End PBXResourcesBuildPhase section */

/* Begin PBXSourcesBuildPhase section */
		F22E7D141C7AA80B00FB5A14 /* Sources */ = {
			isa = PBXSourcesBuildPhase;
			buildActionMask = 2147483647;
			files = (
				F22E7D1E1C7AA80B00FB5A14 /* ViewController.swift in Sources */,
				F22E7D1C1C7AA80B00FB5A14 /* AppDelegate.swift in Sources */,
			);
			runOnlyForDeploymentPostprocessing = 0;
		};
/* End PBXSourcesBuildPhase section */

/* Begin PBXVariantGroup section */
		F22E7D1F1C7AA80B00FB5A14 /* Main.storyboard */ = {
			isa = PBXVariantGroup;
			children = (
				F22E7D201C7AA80B00FB5A14 /* Base */,
			);
			name = Main.storyboard;
			sourceTree = "<group>";
		};
		F22E7D241C7AA80B00FB5A14 /* LaunchScreen.storyboard */ = {
			isa = PBXVariantGroup;
			children = (
				F22E7D251C7AA80B00FB5A14 /* Base */,
			);
			name = LaunchScreen.storyboard;
			sourceTree = "<group>";
		};
/* End PBXVariantGroup section */

/* Begin XCBuildConfiguration section */
		F22E7D281C7AA80B00FB5A14 /* Debug */ = {
			isa = XCBuildConfiguration;
			buildSettings = {
				ALWAYS_SEARCH_USER_PATHS = NO;
				CLANG_CXX_LANGUAGE_STANDARD = "gnu++0x";
				CLANG_CXX_LIBRARY = "libc++";
				CLANG_ENABLE_MODULES = YES;
				CLANG_ENABLE_OBJC_ARC = YES;
				CLANG_WARN_BOOL_CONVERSION = YES;
				CLANG_WARN_CONSTANT_CONVERSION = YES;
				CLANG_WARN_DIRECT_OBJC_ISA_USAGE = YES_ERROR;
				CLANG_WARN_EMPTY_BODY = YES;
				CLANG_WARN_ENUM_CONVERSION = YES;
				CLANG_WARN_INT_CONVERSION = YES;
				CLANG_WARN_OBJC_ROOT_CLASS = YES_ERROR;
				CLANG_WARN_UNREACHABLE_CODE = YES;
				CLANG_WARN__DUPLICATE_METHOD_MATCH = YES;
				"CODE_SIGN_IDENTITY[sdk=iphoneos*]" = "iPhone Developer";
				COPY_PHASE_STRIP = NO;
				DEBUG_INFORMATION_FORMAT = dwarf;
				ENABLE_STRICT_OBJC_MSGSEND = YES;
				ENABLE_TESTABILITY = YES;
				GCC_C_LANGUAGE_STANDARD = gnu99;
				GCC_DYNAMIC_NO_PIC = NO;
				GCC_NO_COMMON_BLOCKS = YES;
				GCC_OPTIMIZATION_LEVEL = 0;
				GCC_PREPROCESSOR_DEFINITIONS = (
					"DEBUG=1",
					"$(inherited)",
				);
				GCC_WARN_64_TO_32_BIT_CONVERSION = YES;
				GCC_WARN_ABOUT_RETURN_TYPE = YES_ERROR;
				GCC_WARN_UNDECLARED_SELECTOR = YES;
				GCC_WARN_UNINITIALIZED_AUTOS = YES_AGGRESSIVE;
				GCC_WARN_UNUSED_FUNCTION = YES;
				GCC_WARN_UNUSED_VARIABLE = YES;
				IPHONEOS_DEPLOYMENT_TARGET = 9.2;
				MTL_ENABLE_DEBUG_INFO = YES;
				ONLY_ACTIVE_ARCH = YES;
				SDKROOT = iphoneos;
				SWIFT_OPTIMIZATION_LEVEL = "-Onone";
			};
			name = Debug;
		};
		F22E7D291C7AA80B00FB5A14 /* Release */ = {
			isa = XCBuildConfiguration;
			buildSettings = {
				ALWAYS_SEARCH_USER_PATHS = NO;
				CLANG_CXX_LANGUAGE_STANDARD = "gnu++0x";
				CLANG_CXX_LIBRARY = "libc++";
				CLANG_ENABLE_MODULES = YES;
				CLANG_ENABLE_OBJC_ARC = YES;
				CLANG_WARN_BOOL_CONVERSION = YES;
				CLANG_WARN_CONSTANT_CONVERSION = YES;
				CLANG_WARN_DIRECT_OBJC_ISA_USAGE = YES_ERROR;
				CLANG_WARN_EMPTY_BODY = YES;
				CLANG_WARN_ENUM_CONVERSION = YES;
				CLANG_WARN_INT_CONVERSION = YES;
				CLANG_WARN_OBJC_ROOT_CLASS = YES_ERROR;
				CLANG_WARN_UNREACHABLE_CODE = YES;
				CLANG_WARN__DUPLICATE_METHOD_MATCH = YES;
				"CODE_SIGN_IDENTITY[sdk=iphoneos*]" = "iPhone Developer";
				COPY_PHASE_STRIP = NO;
				DEBUG_INFORMATION_FORMAT = "dwarf-with-dsym";
				ENABLE_NS_ASSERTIONS = NO;
				ENABLE_STRICT_OBJC_MSGSEND = YES;
				GCC_C_LANGUAGE_STANDARD = gnu99;
				GCC_NO_COMMON_BLOCKS = YES;
				GCC_WARN_64_TO_32_BIT_CONVERSION = YES;
				GCC_WARN_ABOUT_RETURN_TYPE = YES_ERROR;
				GCC_WARN_UNDECLARED_SELECTOR = YES;
				GCC_WARN_UNINITIALIZED_AUTOS = YES_AGGRESSIVE;
				GCC_WARN_UNUSED_FUNCTION = YES;
				GCC_WARN_UNUSED_VARIABLE = YES;
				IPHONEOS_DEPLOYMENT_TARGET = 9.2;
				MTL_ENABLE_DEBUG_INFO = NO;
				SDKROOT = iphoneos;
				VALIDATE_PRODUCT = YES;
			};
			name = Release;
		};
		F22E7D2B1C7AA80B00FB5A14 /* Debug */ = {
			isa = XCBuildConfiguration;
			buildSettings = {
				ASSETCATALOG_COMPILER_APPICON_NAME = AppIcon;
				INFOPLIST_FILE = SecondKadaiApp/Info.plist;
				LD_RUNPATH_SEARCH_PATHS = "$(inherited) @executable_path/Frameworks";
				PRODUCT_BUNDLE_IDENTIFIER = jp.techacademy.kenko.hosaka.SecondKadaiApp;
				PRODUCT_NAME = "$(TARGET_NAME)";
			};
			name = Debug;
		};
		F22E7D2C1C7AA80B00FB5A14 /* Release */ = {
			isa = XCBuildConfiguration;
			buildSettings = {
				ASSETCATALOG_COMPILER_APPICON_NAME = AppIcon;
				INFOPLIST_FILE = SecondKadaiApp/Info.plist;
				LD_RUNPATH_SEARCH_PATHS = "$(inherited) @executable_path/Frameworks";
				PRODUCT_BUNDLE_IDENTIFIER = jp.techacademy.kenko.hosaka.SecondKadaiApp;
				PRODUCT_NAME = "$(TARGET_NAME)";
			};
			name = Release;
		};
/* End XCBuildConfiguration section */

/* Begin XCConfigurationList section */
		F22E7D131C7AA80B00FB5A14 /* Build configuration list for PBXProject "SecondKadaiApp" */ = {
			isa = XCConfigurationList;
			buildConfigurations = (
				F22E7D281C7AA80B00FB5A14 /* Debug */,
				F22E7D291C7AA80B00FB5A14 /* Release */,
			);
			defaultConfigurationIsVisible = 0;
			defaultConfigurationName = Release;
		};
		F22E7D2A1C7AA80B00FB5A14 /* Build configuration list for PBXNativeTarget "SecondKadaiApp" */ = {
			isa = XCConfigurationList;
			buildConfigurations = (
				F22E7D2B1C7AA80B00FB5A14 /* Debug */,
				F22E7D2C1C7AA80B00FB5A14 /* Release */,
			);
			defaultConfigurationIsVisible = 0;
		};
/* End XCConfigurationList section */
	};
	rootObject = F22E7D101C7AA80B00FB5A14 /* Project object */;
}
